
Microsoft Visual Studio Solution File, Format Version 12.00
# Visual Studio Version 17
VisualStudioVersion = 17.9.34728.123
MinimumVisualStudioVersion = 10.0.40219.1
Project("{9A19103F-16F7-4668-BE54-9A1E7A4F7556}") = "LINQ лаб №14", "LINQ лаб №14\LINQ лаб №14.csproj", "{1672DAEE-2D83-4491-9EE3-89BF74E15521}"
EndProject
Project("{FAE04EC0-301F-11D3-BF4B-00C04F79EFBC}") = "TestQuery", "TestQuery\TestQuery.csproj", "{14ED1E82-2768-449A-A8DA-6A95D222A670}"
EndProject
Global
	GlobalSection(SolutionConfigurationPlatforms) = preSolution
		Debug|Any CPU = Debug|Any CPU
		Release|Any CPU = Release|Any CPU
	EndGlobalSection
	GlobalSection(ProjectConfigurationPlatforms) = postSolution
		{1672DAEE-2D83-4491-9EE3-89BF74E15521}.Debug|Any CPU.ActiveCfg = Debug|Any CPU
		{1672DAEE-2D83-4491-9EE3-89BF74E15521}.Debug|Any CPU.Build.0 = Debug|Any CPU
		{1672DAEE-2D83-4491-9EE3-89BF74E15521}.Release|Any CPU.ActiveCfg = Release|Any CPU
		{1672DAEE-2D83-4491-9EE3-89BF74E15521}.Release|Any CPU.Build.0 = Release|Any CPU
		{14ED1E82-2768-449A-A8DA-6A95D222A670}.Debug|Any CPU.ActiveCfg = Debug|Any CPU
		{14ED1E82-2768-449A-A8DA-6A95D222A670}.Debug|Any CPU.Build.0 = Debug|Any CPU
		{14ED1E82-2768-449A-A8DA-6A95D222A670}.Release|Any CPU.ActiveCfg = Release|Any CPU
		{14ED1E82-2768-449A-A8DA-6A95D222A670}.Release|Any CPU.Build.0 = Release|Any CPU
	EndGlobalSection
	GlobalSection(SolutionProperties) = preSolution
		HideSolutionNode = FALSE
	EndGlobalSection
	GlobalSection(ExtensibilityGlobals) = postSolution
		SolutionGuid = {A7FC44A7-F6F5-48D1-8DC6-512870CB00D2}
	EndGlobalSection
EndGlobal
